{
  "lockfileVersion": 1,
  "configVersion": 1,
  "workspaces": {
    "": {
      "name": "abhinaba75-profile",
      "devDependencies": {
        "marked": "^18.0.10",
      },
    },
  },
  "packages": {
    "marked": ["marked@18.0.10", "", { "bin": { "marked": "bin/marked.js" } }, "sha512-FJeH4bRpYoXiggcgriCGItKCSv3xkngJc4QCZ/rkQCogU3VYaLxYJoZl8Nw/b4+x7iij/pd+09mZ6A1dXzpL0A=="],
  }
}
